
Microsoft Visual Studio Solution File, Format Version 12.00
# Visual Studio Version 16
VisualStudioVersion = 16.0.30523.141
MinimumVisualStudioVersion = 10.0.40219.1
Project("{FAE04EC0-301F-11D3-BF4B-00C04F79EFBC}") = "Pinata", "Piniata\Pinata.csproj", "{3A75FF78-55C8-49D2-84E0-DE68B61CA07A}"
EndProject
Global
	GlobalSection(SolutionConfigurationPlatforms) = preSolution
		Debug|Any CPU = Debug|Any CPU
		Release|Any CPU = Release|Any CPU
	EndGlobalSection
	GlobalSection(ProjectConfigurationPlatforms) = postSolution
		{3A75FF78-55C8-49D2-84E0-DE68B61CA07A}.Debug|Any CPU.ActiveCfg = Debug|Any CPU
		{3A75FF78-55C8-49D2-84E0-DE68B61CA07A}.Debug|Any CPU.Build.0 = Debug|Any CPU
		{3A75FF78-55C8-49D2-84E0-DE68B61CA07A}.Release|Any CPU.ActiveCfg = Release|Any CPU
		{3A75FF78-55C8-49D2-84E0-DE68B61CA07A}.Release|Any CPU.Build.0 = Release|Any CPU
	EndGlobalSection
	GlobalSection(SolutionProperties) = preSolution
		HideSolutionNode = FALSE
	EndGlobalSection
	GlobalSection(ExtensibilityGlobals) = postSolution
		SolutionGuid = {6246B7C7-EB03-45A8-809D-77152E2FA364}
	EndGlobalSection
EndGlobal
